
Microsoft Visual Studio Solution File, Format Version 12.00
Project("{FAE04EC0-301F-11D3-BF4B-00C04F79EFBC}") = "TT.Host", "TT.Host\TT.Host.csproj", "{F146A314-52B5-48C2-B277-B5C6A58B1D5D}"
EndProject
Project("{FAE04EC0-301F-11D3-BF4B-00C04F79EFBC}") = "TT.Engine", "TT.Engine\TT.Engine.csproj", "{2846C557-49EB-4009-B928-755D58002A29}"
EndProject
Project("{FAE04EC0-301F-11D3-BF4B-00C04F79EFBC}") = "TT.API", "TT.API\TT.API.csproj", "{9009B9DB-BD4C-4788-B9C0-3E94DAE4AFC5}"
EndProject
Global
	GlobalSection(SolutionConfigurationPlatforms) = preSolution
		Debug|Any CPU = Debug|Any CPU
		Release|Any CPU = Release|Any CPU
	EndGlobalSection
	GlobalSection(ProjectConfigurationPlatforms) = postSolution
		{F146A314-52B5-48C2-B277-B5C6A58B1D5D}.Debug|Any CPU.ActiveCfg = Debug|Any CPU
		{F146A314-52B5-48C2-B277-B5C6A58B1D5D}.Debug|Any CPU.Build.0 = Debug|Any CPU
		{F146A314-52B5-48C2-B277-B5C6A58B1D5D}.Release|Any CPU.ActiveCfg = Release|Any CPU
		{F146A314-52B5-48C2-B277-B5C6A58B1D5D}.Release|Any CPU.Build.0 = Release|Any CPU
		{2846C557-49EB-4009-B928-755D58002A29}.Debug|Any CPU.ActiveCfg = Debug|Any CPU
		{2846C557-49EB-4009-B928-755D58002A29}.Debug|Any CPU.Build.0 = Debug|Any CPU
		{2846C557-49EB-4009-B928-755D58002A29}.Release|Any CPU.ActiveCfg = Release|Any CPU
		{2846C557-49EB-4009-B928-755D58002A29}.Release|Any CPU.Build.0 = Release|Any CPU
		{9009B9DB-BD4C-4788-B9C0-3E94DAE4AFC5}.Debug|Any CPU.ActiveCfg = Debug|Any CPU
		{9009B9DB-BD4C-4788-B9C0-3E94DAE4AFC5}.Debug|Any CPU.Build.0 = Debug|Any CPU
		{9009B9DB-BD4C-4788-B9C0-3E94DAE4AFC5}.Release|Any CPU.ActiveCfg = Release|Any CPU
		{9009B9DB-BD4C-4788-B9C0-3E94DAE4AFC5}.Release|Any CPU.Build.0 = Release|Any CPU
	EndGlobalSection
EndGlobal
